{
	"name": "@jannes/tsdev",
	"version": "0.0.1",
	"lockfileVersion": 2,
	"requires": true,
	"packages": {
		"": {
			"name": "@jannes/tsdev",
			"version": "0.0.1",
			"license": "AGPL-3.0-only",
			"dependencies": {
				"jasmine-core": ">=3.6.0",
				"typescript": "file:..\\TypeScript"
			},
			"devDependencies": {
				"@types/jasmine": ">=3.6.1",
				"@types/node": ">=14.14.7"
			},
			"engines": {
				"node": ">=12"
			}
		},
		"../TypeScript": {
			"version": "4.2.0",
			"license": "Apache-2.0",
			"bin": {
				"tsc": "bin/tsc",
				"tsserver": "bin/tsserver"
			},
			"devDependencies": {
				"@octokit/rest": "latest",
				"@types/browserify": "latest",
				"@types/chai": "latest",
				"@types/convert-source-map": "latest",
				"@types/glob": "latest",
				"@types/gulp": "^4.0.5",
				"@types/gulp-concat": "latest",
				"@types/gulp-newer": "latest",
				"@types/gulp-rename": "0.0.33",
				"@types/gulp-sourcemaps": "0.0.32",
				"@types/jake": "latest",
				"@types/merge2": "latest",
				"@types/microsoft__typescript-etw": "latest",
				"@types/minimatch": "latest",
				"@types/minimist": "latest",
				"@types/mkdirp": "latest",
				"@types/mocha": "latest",
				"@types/ms": "latest",
				"@types/node": "latest",
				"@types/node-fetch": "^2.3.4",
				"@types/q": "latest",
				"@types/source-map-support": "latest",
				"@types/through2": "latest",
				"@types/travis-fold": "latest",
				"@types/xml2js": "^0.4.0",
				"@typescript-eslint/eslint-plugin": "4.5.0",
				"@typescript-eslint/experimental-utils": "4.5.0",
				"@typescript-eslint/parser": "4.5.0",
				"async": "latest",
				"azure-devops-node-api": "^10.1.0",
				"browser-resolve": "^1.11.2",
				"browserify": "latest",
				"chai": "latest",
				"chalk": "latest",
				"convert-source-map": "latest",
				"del": "5.1.0",
				"diff": "^4.0.2",
				"eslint": "7.12.1",
				"eslint-formatter-autolinkable-stylish": "1.1.4",
				"eslint-plugin-import": "2.22.1",
				"eslint-plugin-jsdoc": "30.7.6",
				"eslint-plugin-no-null": "1.0.2",
				"fancy-log": "latest",
				"fs-extra": "^9.0.0",
				"glob": "latest",
				"gulp": "^4.0.0",
				"gulp-concat": "latest",
				"gulp-insert": "latest",
				"gulp-newer": "latest",
				"gulp-rename": "latest",
				"gulp-sourcemaps": "latest",
				"istanbul": "latest",
				"merge2": "latest",
				"minimist": "latest",
				"mkdirp": "latest",
				"mocha": "latest",
				"mocha-fivemat-progress-reporter": "latest",
				"ms": "latest",
				"node-fetch": "^2.6.0",
				"plugin-error": "latest",
				"pretty-hrtime": "^1.0.3",
				"prex": "^0.4.3",
				"q": "latest",
				"remove-internal": "^2.9.2",
				"source-map-support": "latest",
				"through2": "latest",
				"travis-fold": "latest",
				"typescript": "^4.0.0-dev.20200624",
				"vinyl": "latest",
				"vinyl-sourcemaps-apply": "latest",
				"xml2js": "^0.4.19"
			},
			"engines": {
				"node": ">=4.2.0"
			}
		},
		"node_modules/@types/jasmine": {
			"version": "3.6.1",
			"resolved": "https://registry.npmjs.org/@types/jasmine/-/jasmine-3.6.1.tgz",
			"integrity": "sha512-eeSCVhBsgwHNS1FmaMu4zrLxfykCTWJMLFZv7lmyrZQjw7foUUXoPu4GukSN9v7JvUw7X+/aDH3kCaymirBSTg==",
			"dev": true
		},
		"node_modules/@types/node": {
			"version": "14.14.7",
			"resolved": "https://registry.npmjs.org/@types/node/-/node-14.14.7.tgz",
			"integrity": "sha512-Zw1vhUSQZYw+7u5dAwNbIA9TuTotpzY/OF7sJM9FqPOF3SPjKnxrjoTktXDZgUjybf4cWVBP7O8wvKdSaGHweg==",
			"dev": true
		},
		"node_modules/jasmine-core": {
			"version": "3.6.0",
			"resolved": "https://registry.npmjs.org/jasmine-core/-/jasmine-core-3.6.0.tgz",
			"integrity": "sha512-8uQYa7zJN8hq9z+g8z1bqCfdC8eoDAeVnM5sfqs7KHv9/ifoJ500m018fpFc7RDaO6SWCLCXwo/wPSNcdYTgcw=="
		},
		"node_modules/typescript": {
			"resolved": "../TypeScript",
			"link": true
		}
	},
	"dependencies": {
		"@types/jasmine": {
			"version": "3.6.1",
			"resolved": "https://registry.npmjs.org/@types/jasmine/-/jasmine-3.6.1.tgz",
			"integrity": "sha512-eeSCVhBsgwHNS1FmaMu4zrLxfykCTWJMLFZv7lmyrZQjw7foUUXoPu4GukSN9v7JvUw7X+/aDH3kCaymirBSTg==",
			"dev": true
		},
		"@types/node": {
			"version": "14.14.7",
			"resolved": "https://registry.npmjs.org/@types/node/-/node-14.14.7.tgz",
			"integrity": "sha512-Zw1vhUSQZYw+7u5dAwNbIA9TuTotpzY/OF7sJM9FqPOF3SPjKnxrjoTktXDZgUjybf4cWVBP7O8wvKdSaGHweg==",
			"dev": true
		},
		"jasmine-core": {
			"version": "3.6.0",
			"resolved": "https://registry.npmjs.org/jasmine-core/-/jasmine-core-3.6.0.tgz",
			"integrity": "sha512-8uQYa7zJN8hq9z+g8z1bqCfdC8eoDAeVnM5sfqs7KHv9/ifoJ500m018fpFc7RDaO6SWCLCXwo/wPSNcdYTgcw=="
		},
		"typescript": {
			"version": "file:../TypeScript",
			"requires": {
				"@octokit/rest": "latest",
				"@types/browserify": "latest",
				"@types/chai": "latest",
				"@types/convert-source-map": "latest",
				"@types/glob": "latest",
				"@types/gulp": "^4.0.5",
				"@types/gulp-concat": "latest",
				"@types/gulp-newer": "latest",
				"@types/gulp-rename": "0.0.33",
				"@types/gulp-sourcemaps": "0.0.32",
				"@types/jake": "latest",
				"@types/merge2": "latest",
				"@types/microsoft__typescript-etw": "latest",
				"@types/minimatch": "latest",
				"@types/minimist": "latest",
				"@types/mkdirp": "latest",
				"@types/mocha": "latest",
				"@types/ms": "latest",
				"@types/node": "latest",
				"@types/node-fetch": "^2.3.4",
				"@types/q": "latest",
				"@types/source-map-support": "latest",
				"@types/through2": "latest",
				"@types/travis-fold": "latest",
				"@types/xml2js": "^0.4.0",
				"@typescript-eslint/eslint-plugin": "4.5.0",
				"@typescript-eslint/experimental-utils": "4.5.0",
				"@typescript-eslint/parser": "4.5.0",
				"async": "latest",
				"azure-devops-node-api": "^10.1.0",
				"browser-resolve": "^1.11.2",
				"browserify": "latest",
				"chai": "latest",
				"chalk": "latest",
				"convert-source-map": "latest",
				"del": "5.1.0",
				"diff": "^4.0.2",
				"eslint": "7.12.1",
				"eslint-formatter-autolinkable-stylish": "1.1.4",
				"eslint-plugin-import": "2.22.1",
				"eslint-plugin-jsdoc": "30.7.6",
				"eslint-plugin-no-null": "1.0.2",
				"fancy-log": "latest",
				"fs-extra": "^9.0.0",
				"glob": "latest",
				"gulp": "^4.0.0",
				"gulp-concat": "latest",
				"gulp-insert": "latest",
				"gulp-newer": "latest",
				"gulp-rename": "latest",
				"gulp-sourcemaps": "latest",
				"istanbul": "latest",
				"merge2": "latest",
				"minimist": "latest",
				"mkdirp": "latest",
				"mocha": "latest",
				"mocha-fivemat-progress-reporter": "latest",
				"ms": "latest",
				"node-fetch": "^2.6.0",
				"plugin-error": "latest",
				"pretty-hrtime": "^1.0.3",
				"prex": "^0.4.3",
				"q": "latest",
				"remove-internal": "^2.9.2",
				"source-map-support": "latest",
				"through2": "latest",
				"travis-fold": "latest",
				"typescript": "^4.0.0-dev.20200624",
				"vinyl": "latest",
				"vinyl-sourcemaps-apply": "latest",
				"xml2js": "^0.4.19"
			}
		}
	}
}
